{"version":4,"terraform_version":"1.12.3","serial":7,"lineage":"906c47e5-ab27-e47a-eb9e-226b5ca81a1f","outputs":{"haproxy_public_ip":{"value":"158.160.41.21","type":"string"},"k3s_masters_public_ips":{"value":["158.160.46.172","158.160.46.226","51.250.12.44"],"type":["tuple",["string","string","string"]]}},"resources":[{"mode":"data","type":"yandex_compute_image","name":"ubuntu","provider":"provider[\"registry.terraform.io/yandex-cloud/yandex\"]","instances":[{"schema_version":0,"attributes":{"created_at":"2026-06-29T18:26:28Z","description":"Ubuntu 22.04 lts v20260626030156","family":"ubuntu-2204-lts","folder_id":"standard-images","hardware_generation":[{"generation2_features":[],"legacy_features":[{"pci_topology":"PCI_TOPOLOGY_V2"}]}],"id":"fd8pbob4usfj6c497ape","image_id":"fd8pbob4usfj6c497ape","kms_key_id":null,"labels":{"version":"20260626030156","x-hopper-operation-id":"d9p41nn91110et04d3mr","x-hopper-source-image-id":"fd8f88g6t1sqolivkqkt"},"min_disk_size":8,"name":"ubuntu-22-04-lts-v20260629","os_type":"linux","pooled":true,"product_ids":["f2e8687hus0qi4hiia7i"],"size":2,"status":"ready"},"sensitive_attributes":[]}]},{"mode":"managed","type":"local_file","name":"ansible_inventory","provider":"provider[\"registry.terraform.io/hashicorp/local\"]","instances":[{"schema_version":0,"attributes":{"content":"[k3s_masters]\nk3s-master-1 ansible_host=158.160.46.172\nk3s-master-2 ansible_host=158.160.46.226\nk3s-master-3 ansible_host=51.250.12.44\n\n[loadbalancers]\nhaproxy-1 ansible_host=158.160.41.21\n\n[all:vars]\nansible_user=ubuntu\nansible_ssh_private_key_file=~/.ssh/id_rsa\nansible_ssh_common_args='-o StrictHostKeyChecking=no'\n","content_base64":null,"content_base64sha256":"jTOF6AqNefvlq0r8EuoLvPXnw+w5ppDp2eoe0ChpU04=","content_base64sha512":"CI8/6R7ZnxSLjZnnyZne4m1eKgu63YzqiTZ3ujbXtftWehxNQcETFdPrLUDqkgaSU3752X4DTp22FQ5f6taYnw==","content_md5":"2e107e85c90ef95f5154eb805a9e0c85","content_sha1":"05da35f242dd950b29f0207c401afe0bc891bbbd","content_sha256":"8d3385e80a8d79fbe5ab4afc12ea0bbcf5e7c3ec39a690e9d9ea1ed02869534e","content_sha512":"088f3fe91ed99f148b8d99e7c999dee26d5e2a0bbadd8cea893677ba36d7b5fb567a1c4d41c11315d3eb2d40ea920692537ef9d97e034e9db6150e5fead6989f","directory_permission":"0777","file_permission":"0777","filename":"./../ansible/hosts.ini","id":"05da35f242dd950b29f0207c401afe0bc891bbbd","sensitive_content":null,"source":null},"sensitive_attributes":[[{"type":"get_attr","value":"sensitive_content"}]],"dependencies":["data.yandex_compute_image.ubuntu","yandex_compute_instance.haproxy","yandex_compute_instance.k3s_masters","yandex_vpc_network.k3s_network","yandex_vpc_security_group.k3s_sg","yandex_vpc_subnet.k3s_subnet"]}]},{"mode":"managed","type":"yandex_compute_instance","name":"haproxy","provider":"provider[\"registry.terraform.io/yandex-cloud/yandex\"]","instances":[{"schema_version":1,"attributes":{"allow_recreate":null,"allow_stopping_for_update":null,"boot_disk":[{"auto_delete":true,"device_name":"fhm1iju4tosqbgjsbtec","disk_id":"fhm1iju4tosqbgjsbtec","initialize_params":[{"block_size":4096,"description":"","image_id":"fd8pbob4usfj6c497ape","kms_key_id":"","name":"","size":10,"snapshot_id":"","type":"network-hdd"}],"mode":"READ_WRITE"}],"created_at":"2026-07-03T08:56:38Z","description":"","filesystem":[],"folder_id":"b1g3t25pff7pdao6upbs","fqdn":"fhm48a3oq1j5tkk0s77e.auto.internal","gpu_cluster_id":"","hardware_generation":[{"generation2_features":[],"legacy_features":[{"pci_topology":"PCI_TOPOLOGY_V2"}]}],"hostname":"","id":"fhm48a3oq1j5tkk0s77e","labels":{},"local_disk":[],"maintenance_grace_period":"","maintenance_policy":null,"metadata":{"ssh-keys":"ubuntu:ssh-rsa AAAAB3NzaC1yc2EAAAADAQABAAACAQCk6FQ8fI/m/G7y8+gXgaXX6B6oL0j3ci8WRvHbwkvpP9F79RuGDs6bNtrWkX4Bq0C10hDid6KdEqdkzZr29icthgFcFIGmbEayCvk/IAVDs6KVXz7f/f81cOw76imFRFS97CYBmWcxZWMftQS+rTnqBnTTphIKlxtD249hE0eoexXmvf/kHcq1+guvnI98wLahkUOUxxWNZKSKKF48gW8JChbv0uiiOQaGuFuzcpl/PEuib3/IeSCFXLQ+ocJGyh7xEHbTCV27J8pxMlcGxanVxzT6j810kZ8aU8kjJTIIJ0Bf8c6NfQ+L/d6PMkGf0G917MJOboDNkYiu15SlDuFYEkp6gSYRXyatLNguAJwYOCA5r1ZZ7Zviwzcz+LaVOUFxGLH9RR5LPlLpozSRnbefG5DbfKMkkB0NMpoRqgbXhC2zdkaSWb/gQB00jgipdUK7+ftNOUKtltqdy3tlcfgpPWh1wRtg4N59RfpUlBiK1e3OCj3IkPzxE1OfiX619jO8J4R+DFewVkkzOu0+6KqN+HplA5bRFCfqn5oR7rLieIak7PafH8DF82F0/ies0jo/l9lsuOGdi1yajwuGHClNdhHvurFV+/JFf5RzgNsUFcvmrhEtoN0ihaZ/CivMEL/tj3/9FVlzXHS5TaaSgpZsEz/bTh5qLWhA4LsoCTRBWw== redwing@looppc\n"},"metadata_options":[{"aws_v1_http_endpoint":1,"aws_v1_http_token":2,"aws_v2_http_endpoint":1,"aws_v2_http_token":1,"gce_http_endpoint":1,"gce_http_token":1}],"name":"k3s-haproxy","network_acceleration_type":"standard","network_interface":[{"dns_record":[],"index":0,"ip_address":"10.128.0.28","ipv4":true,"ipv6":false,"ipv6_address":"","ipv6_dns_record":[],"mac_address":"d0:0d:44:28:78:d0","nat":true,"nat_dns_record":[],"nat_ip_address":"158.160.41.21","nat_ip_version":"IPV4","security_group_ids":["enpbg58qmv5dbcrebjj8"],"subnet_id":"e9b3c77lthdq3m0n18p9"}],"placement_policy":[{"host_affinity_rules":[],"placement_group_id":"","placement_group_partition":0}],"platform_id":"standard-v3","resources":[{"core_fraction":20,"cores":2,"gpus":0,"memory":1}],"scheduling_policy":[{"preemptible":false}],"secondary_disk":[],"service_account_id":"","status":"running","timeouts":null,"zone":"ru-central1-a"},"sensitive_attributes":[],"private":"eyJlMmJmYjczMC1lY2FhLTExZTYtOGY4OC0zNDM2M2JjN2M0YzAiOnsiY3JlYXRlIjozMDAwMDAwMDAwMDAsImRlbGV0ZSI6MzAwMDAwMDAwMDAwLCJ1cGRhdGUiOjMwMDAwMDAwMDAwMH0sInNjaGVtYV92ZXJzaW9uIjoiMSJ9","dependencies":["data.yandex_compute_image.ubuntu","yandex_vpc_network.k3s_network","yandex_vpc_security_group.k3s_sg","yandex_vpc_subnet.k3s_subnet"]}]},{"mode":"managed","type":"yandex_compute_instance","name":"k3s_masters","provider":"provider[\"registry.terraform.io/yandex-cloud/yandex\"]","instances":[{"index_key":0,"schema_version":1,"attributes":{"allow_recreate":null,"allow_stopping_for_update":null,"boot_disk":[{"auto_delete":true,"device_name":"fhmnast0vk9r6cv14iaf","disk_id":"fhmnast0vk9r6cv14iaf","initialize_params":[{"block_size":4096,"description":"","image_id":"fd8pbob4usfj6c497ape","kms_key_id":"","name":"","size":15,"snapshot_id":"","type":"network-hdd"}],"mode":"READ_WRITE"}],"created_at":"2026-07-03T08:56:38Z","description":"","filesystem":[],"folder_id":"b1g3t25pff7pdao6upbs","fqdn":"fhmrfedclneu2gnosbva.auto.internal","gpu_cluster_id":"","hardware_generation":[{"generation2_features":[],"legacy_features":[{"pci_topology":"PCI_TOPOLOGY_V2"}]}],"hostname":"","id":"fhmrfedclneu2gnosbva","labels":{},"local_disk":[],"maintenance_grace_period":"","maintenance_policy":null,"metadata":{"ssh-keys":"ubuntu:ssh-rsa AAAAB3NzaC1yc2EAAAADAQABAAACAQCk6FQ8fI/m/G7y8+gXgaXX6B6oL0j3ci8WRvHbwkvpP9F79RuGDs6bNtrWkX4Bq0C10hDid6KdEqdkzZr29icthgFcFIGmbEayCvk/IAVDs6KVXz7f/f81cOw76imFRFS97CYBmWcxZWMftQS+rTnqBnTTphIKlxtD249hE0eoexXmvf/kHcq1+guvnI98wLahkUOUxxWNZKSKKF48gW8JChbv0uiiOQaGuFuzcpl/PEuib3/IeSCFXLQ+ocJGyh7xEHbTCV27J8pxMlcGxanVxzT6j810kZ8aU8kjJTIIJ0Bf8c6NfQ+L/d6PMkGf0G917MJOboDNkYiu15SlDuFYEkp6gSYRXyatLNguAJwYOCA5r1ZZ7Zviwzcz+LaVOUFxGLH9RR5LPlLpozSRnbefG5DbfKMkkB0NMpoRqgbXhC2zdkaSWb/gQB00jgipdUK7+ftNOUKtltqdy3tlcfgpPWh1wRtg4N59RfpUlBiK1e3OCj3IkPzxE1OfiX619jO8J4R+DFewVkkzOu0+6KqN+HplA5bRFCfqn5oR7rLieIak7PafH8DF82F0/ies0jo/l9lsuOGdi1yajwuGHClNdhHvurFV+/JFf5RzgNsUFcvmrhEtoN0ihaZ/CivMEL/tj3/9FVlzXHS5TaaSgpZsEz/bTh5qLWhA4LsoCTRBWw== redwing@looppc\n"},"metadata_options":[{"aws_v1_http_endpoint":1,"aws_v1_http_token":2,"aws_v2_http_endpoint":1,"aws_v2_http_token":1,"gce_http_endpoint":1,"gce_http_token":1}],"name":"k3s-master-1","network_acceleration_type":"standard","network_interface":[{"dns_record":[],"index":0,"ip_address":"10.128.0.8","ipv4":true,"ipv6":false,"ipv6_address":"","ipv6_dns_record":[],"mac_address":"d0:0d:1b:7b:9a:ca","nat":true,"nat_dns_record":[],"nat_ip_address":"158.160.46.172","nat_ip_version":"IPV4","security_group_ids":["enpbg58qmv5dbcrebjj8"],"subnet_id":"e9b3c77lthdq3m0n18p9"}],"placement_policy":[{"host_affinity_rules":[],"placement_group_id":"","placement_group_partition":0}],"platform_id":"standard-v3","resources":[{"core_fraction":20,"cores":2,"gpus":0,"memory":2}],"scheduling_policy":[{"preemptible":false}],"secondary_disk":[],"service_account_id":"","status":"running","timeouts":null,"zone":"ru-central1-a"},"sensitive_attributes":[],"private":"eyJlMmJmYjczMC1lY2FhLTExZTYtOGY4OC0zNDM2M2JjN2M0YzAiOnsiY3JlYXRlIjozMDAwMDAwMDAwMDAsImRlbGV0ZSI6MzAwMDAwMDAwMDAwLCJ1cGRhdGUiOjMwMDAwMDAwMDAwMH0sInNjaGVtYV92ZXJzaW9uIjoiMSJ9","dependencies":["data.yandex_compute_image.ubuntu","yandex_vpc_network.k3s_network","yandex_vpc_security_group.k3s_sg","yandex_vpc_subnet.k3s_subnet"]},{"index_key":1,"schema_version":1,"attributes":{"allow_recreate":null,"allow_stopping_for_update":null,"boot_disk":[{"auto_delete":true,"device_name":"fhm1virumg1vcu25joic","disk_id":"fhm1virumg1vcu25joic","initialize_params":[{"block_size":4096,"description":"","image_id":"fd8pbob4usfj6c497ape","kms_key_id":"","name":"","size":15,"snapshot_id":"","type":"network-hdd"}],"mode":"READ_WRITE"}],"created_at":"2026-07-03T08:56:38Z","description":"","filesystem":[],"folder_id":"b1g3t25pff7pdao6upbs","fqdn":"fhmlgf162pn8813u2ep2.auto.internal","gpu_cluster_id":"","hardware_generation":[{"generation2_features":[],"legacy_features":[{"pci_topology":"PCI_TOPOLOGY_V2"}]}],"hostname":"","id":"fhmlgf162pn8813u2ep2","labels":{},"local_disk":[],"maintenance_grace_period":"","maintenance_policy":null,"metadata":{"ssh-keys":"ubuntu:ssh-rsa AAAAB3NzaC1yc2EAAAADAQABAAACAQCk6FQ8fI/m/G7y8+gXgaXX6B6oL0j3ci8WRvHbwkvpP9F79RuGDs6bNtrWkX4Bq0C10hDid6KdEqdkzZr29icthgFcFIGmbEayCvk/IAVDs6KVXz7f/f81cOw76imFRFS97CYBmWcxZWMftQS+rTnqBnTTphIKlxtD249hE0eoexXmvf/kHcq1+guvnI98wLahkUOUxxWNZKSKKF48gW8JChbv0uiiOQaGuFuzcpl/PEuib3/IeSCFXLQ+ocJGyh7xEHbTCV27J8pxMlcGxanVxzT6j810kZ8aU8kjJTIIJ0Bf8c6NfQ+L/d6PMkGf0G917MJOboDNkYiu15SlDuFYEkp6gSYRXyatLNguAJwYOCA5r1ZZ7Zviwzcz+LaVOUFxGLH9RR5LPlLpozSRnbefG5DbfKMkkB0NMpoRqgbXhC2zdkaSWb/gQB00jgipdUK7+ftNOUKtltqdy3tlcfgpPWh1wRtg4N59RfpUlBiK1e3OCj3IkPzxE1OfiX619jO8J4R+DFewVkkzOu0+6KqN+HplA5bRFCfqn5oR7rLieIak7PafH8DF82F0/ies0jo/l9lsuOGdi1yajwuGHClNdhHvurFV+/JFf5RzgNsUFcvmrhEtoN0ihaZ/CivMEL/tj3/9FVlzXHS5TaaSgpZsEz/bTh5qLWhA4LsoCTRBWw== redwing@looppc\n"},"metadata_options":[{"aws_v1_http_endpoint":1,"aws_v1_http_token":2,"aws_v2_http_endpoint":1,"aws_v2_http_token":1,"gce_http_endpoint":1,"gce_http_token":1}],"name":"k3s-master-2","network_acceleration_type":"standard","network_interface":[{"dns_record":[],"index":0,"ip_address":"10.128.0.12","ipv4":true,"ipv6":false,"ipv6_address":"","ipv6_dns_record":[],"mac_address":"d0:0d:15:83:c2:61","nat":true,"nat_dns_record":[],"nat_ip_address":"158.160.46.226","nat_ip_version":"IPV4","security_group_ids":["enpbg58qmv5dbcrebjj8"],"subnet_id":"e9b3c77lthdq3m0n18p9"}],"placement_policy":[{"host_affinity_rules":[],"placement_group_id":"","placement_group_partition":0}],"platform_id":"standard-v3","resources":[{"core_fraction":20,"cores":2,"gpus":0,"memory":2}],"scheduling_policy":[{"preemptible":false}],"secondary_disk":[],"service_account_id":"","status":"running","timeouts":null,"zone":"ru-central1-a"},"sensitive_attributes":[],"private":"eyJlMmJmYjczMC1lY2FhLTExZTYtOGY4OC0zNDM2M2JjN2M0YzAiOnsiY3JlYXRlIjozMDAwMDAwMDAwMDAsImRlbGV0ZSI6MzAwMDAwMDAwMDAwLCJ1cGRhdGUiOjMwMDAwMDAwMDAwMH0sInNjaGVtYV92ZXJzaW9uIjoiMSJ9","dependencies":["data.yandex_compute_image.ubuntu","yandex_vpc_network.k3s_network","yandex_vpc_security_group.k3s_sg","yandex_vpc_subnet.k3s_subnet"]},{"index_key":2,"schema_version":1,"attributes":{"allow_recreate":null,"allow_stopping_for_update":null,"boot_disk":[{"auto_delete":true,"device_name":"fhmehesa28bjo634b2j3","disk_id":"fhmehesa28bjo634b2j3","initialize_params":[{"block_size":4096,"description":"","image_id":"fd8pbob4usfj6c497ape","kms_key_id":"","name":"","size":15,"snapshot_id":"","type":"network-hdd"}],"mode":"READ_WRITE"}],"created_at":"2026-07-03T08:56:38Z","description":"","filesystem":[],"folder_id":"b1g3t25pff7pdao6upbs","fqdn":"fhms0gu6kn3hd44dhehq.auto.internal","gpu_cluster_id":"","hardware_generation":[{"generation2_features":[],"legacy_features":[{"pci_topology":"PCI_TOPOLOGY_V2"}]}],"hostname":"","id":"fhms0gu6kn3hd44dhehq","labels":{},"local_disk":[],"maintenance_grace_period":"","maintenance_policy":null,"metadata":{"ssh-keys":"ubuntu:ssh-rsa AAAAB3NzaC1yc2EAAAADAQABAAACAQCk6FQ8fI/m/G7y8+gXgaXX6B6oL0j3ci8WRvHbwkvpP9F79RuGDs6bNtrWkX4Bq0C10hDid6KdEqdkzZr29icthgFcFIGmbEayCvk/IAVDs6KVXz7f/f81cOw76imFRFS97CYBmWcxZWMftQS+rTnqBnTTphIKlxtD249hE0eoexXmvf/kHcq1+guvnI98wLahkUOUxxWNZKSKKF48gW8JChbv0uiiOQaGuFuzcpl/PEuib3/IeSCFXLQ+ocJGyh7xEHbTCV27J8pxMlcGxanVxzT6j810kZ8aU8kjJTIIJ0Bf8c6NfQ+L/d6PMkGf0G917MJOboDNkYiu15SlDuFYEkp6gSYRXyatLNguAJwYOCA5r1ZZ7Zviwzcz+LaVOUFxGLH9RR5LPlLpozSRnbefG5DbfKMkkB0NMpoRqgbXhC2zdkaSWb/gQB00jgipdUK7+ftNOUKtltqdy3tlcfgpPWh1wRtg4N59RfpUlBiK1e3OCj3IkPzxE1OfiX619jO8J4R+DFewVkkzOu0+6KqN+HplA5bRFCfqn5oR7rLieIak7PafH8DF82F0/ies0jo/l9lsuOGdi1yajwuGHClNdhHvurFV+/JFf5RzgNsUFcvmrhEtoN0ihaZ/CivMEL/tj3/9FVlzXHS5TaaSgpZsEz/bTh5qLWhA4LsoCTRBWw== redwing@looppc\n"},"metadata_options":[{"aws_v1_http_endpoint":1,"aws_v1_http_token":2,"aws_v2_http_endpoint":1,"aws_v2_http_token":1,"gce_http_endpoint":1,"gce_http_token":1}],"name":"k3s-master-3","network_acceleration_type":"standard","network_interface":[{"dns_record":[],"index":0,"ip_address":"10.128.0.27","ipv4":true,"ipv6":false,"ipv6_address":"","ipv6_dns_record":[],"mac_address":"d0:0d:1c:04:3c:6a","nat":true,"nat_dns_record":[],"nat_ip_address":"51.250.12.44","nat_ip_version":"IPV4","security_group_ids":["enpbg58qmv5dbcrebjj8"],"subnet_id":"e9b3c77lthdq3m0n18p9"}],"placement_policy":[{"host_affinity_rules":[],"placement_group_id":"","placement_group_partition":0}],"platform_id":"standard-v3","resources":[{"core_fraction":20,"cores":2,"gpus":0,"memory":2}],"scheduling_policy":[{"preemptible":false}],"secondary_disk":[],"service_account_id":"","status":"running","timeouts":null,"zone":"ru-central1-a"},"sensitive_attributes":[],"private":"eyJlMmJmYjczMC1lY2FhLTExZTYtOGY4OC0zNDM2M2JjN2M0YzAiOnsiY3JlYXRlIjozMDAwMDAwMDAwMDAsImRlbGV0ZSI6MzAwMDAwMDAwMDAwLCJ1cGRhdGUiOjMwMDAwMDAwMDAwMH0sInNjaGVtYV92ZXJzaW9uIjoiMSJ9","dependencies":["data.yandex_compute_image.ubuntu","yandex_vpc_network.k3s_network","yandex_vpc_security_group.k3s_sg","yandex_vpc_subnet.k3s_subnet"]}]},{"mode":"managed","type":"yandex_vpc_network","name":"k3s_network","provider":"provider[\"registry.terraform.io/yandex-cloud/yandex\"]","instances":[{"schema_version":0,"attributes":{"created_at":"2026-07-03T08:56:35Z","default_security_group_id":"enp3asop0944vvtu8e72","description":"","folder_id":"b1g3t25pff7pdao6upbs","id":"enp755jj4ivu5c2reuep","labels":{},"name":"k3s-network","subnet_ids":["e9b3c77lthdq3m0n18p9"],"timeouts":null},"sensitive_attributes":[],"private":"eyJlMmJmYjczMC1lY2FhLTExZTYtOGY4OC0zNDM2M2JjN2M0YzAiOnsiY3JlYXRlIjo2MDAwMDAwMDAwMCwiZGVsZXRlIjo2MDAwMDAwMDAwMCwidXBkYXRlIjo2MDAwMDAwMDAwMH19"}]},{"mode":"managed","type":"yandex_vpc_security_group","name":"k3s_sg","provider":"provider[\"registry.terraform.io/yandex-cloud/yandex\"]","instances":[{"schema_version":0,"attributes":{"created_at":"2026-07-03T08:56:37Z","description":"Правила фильтрации трафика для k3s","egress":[{"description":"Разрешить выход в интернет","from_port":0,"id":"enpnrudn9ida84komsei","labels":{},"port":-1,"predefined_target":"","protocol":"ANY","security_group_id":"","to_port":65535,"v4_cidr_blocks":["0.0.0.0/0"],"v6_cidr_blocks":[]}],"folder_id":"b1g3t25pff7pdao6upbs","id":"enpbg58qmv5dbcrebjj8","ingress":[{"description":"Kubernetes API","from_port":-1,"id":"enpi2q1iok2aa4v766vb","labels":{},"port":6443,"predefined_target":"","protocol":"TCP","security_group_id":"","to_port":-1,"v4_cidr_blocks":["0.0.0.0/0"],"v6_cidr_blocks":[]},{"description":"Внутренний трафик между нодами","from_port":0,"id":"enpv8trh7d1ump9qhvje","labels":{},"port":-1,"predefined_target":"","protocol":"ANY","security_group_id":"","to_port":65535,"v4_cidr_blocks":["10.128.0.0/24"],"v6_cidr_blocks":[]},{"description":"Входящий HTTP","from_port":-1,"id":"enp82scpcgntjcb469sq","labels":{},"port":80,"predefined_target":"","protocol":"TCP","security_group_id":"","to_port":-1,"v4_cidr_blocks":["0.0.0.0/0"],"v6_cidr_blocks":[]},{"description":"Входящий HTTPS","from_port":-1,"id":"enphqpog2tmbk4eaof9n","labels":{},"port":443,"predefined_target":"","protocol":"TCP","security_group_id":"","to_port":-1,"v4_cidr_blocks":["0.0.0.0/0"],"v6_cidr_blocks":[]},{"description":"Разрешить SSH для управления","from_port":-1,"id":"enp18hs4ncrok6r0bg7b","labels":{},"port":22,"predefined_target":"","protocol":"TCP","security_group_id":"","to_port":-1,"v4_cidr_blocks":["0.0.0.0/0"],"v6_cidr_blocks":[]}],"labels":{},"name":"k3s-security-group","network_id":"enp755jj4ivu5c2reuep","status":"ACTIVE","timeouts":null},"sensitive_attributes":[],"private":"eyJlMmJmYjczMC1lY2FhLTExZTYtOGY4OC0zNDM2M2JjN2M0YzAiOnsiY3JlYXRlIjoxODAwMDAwMDAwMDAsImRlbGV0ZSI6MTgwMDAwMDAwMDAwLCJ1cGRhdGUiOjE4MDAwMDAwMDAwMH19","dependencies":["yandex_vpc_network.k3s_network"]}]},{"mode":"managed","type":"yandex_vpc_subnet","name":"k3s_subnet","provider":"provider[\"registry.terraform.io/yandex-cloud/yandex\"]","instances":[{"schema_version":0,"attributes":{"created_at":"2026-07-03T08:56:36Z","description":"","dhcp_options":[],"folder_id":"b1g3t25pff7pdao6upbs","id":"e9b3c77lthdq3m0n18p9","labels":{},"name":"k3s-subnet","network_id":"enp755jj4ivu5c2reuep","route_table_id":"","timeouts":null,"v4_cidr_blocks":["10.128.0.0/24"],"v6_cidr_blocks":[],"zone":"ru-central1-a"},"sensitive_attributes":[],"private":"eyJlMmJmYjczMC1lY2FhLTExZTYtOGY4OC0zNDM2M2JjN2M0YzAiOnsiY3JlYXRlIjoxODAwMDAwMDAwMDAsImRlbGV0ZSI6MTgwMDAwMDAwMDAwLCJ1cGRhdGUiOjE4MDAwMDAwMDAwMH19","dependencies":["yandex_vpc_network.k3s_network"]}]}],"check_results":null}
